
Microsoft Visual Studio Solution File, Format Version 12.00
# Visual Studio Version 16
VisualStudioVersion = 16.0.30114.105
MinimumVisualStudioVersion = 10.0.40219.1
Project("{FAE04EC0-301F-11D3-BF4B-00C04F79EFBC}") = "FlacSquisher", "FlacSquisher\FlacSquisher.csproj", "{16FD61D4-AD98-4A02-BE7C-AF21BACCC587}"
EndProject
Global
	GlobalSection(SolutionConfigurationPlatforms) = preSolution
		Debug|Any CPU = Debug|Any CPU
		Release|Any CPU = Release|Any CPU
	EndGlobalSection
	GlobalSection(ProjectConfigurationPlatforms) = postSolution
		{16FD61D4-AD98-4A02-BE7C-AF21BACCC587}.Debug|Any CPU.ActiveCfg = Debug|Any CPU
		{16FD61D4-AD98-4A02-BE7C-AF21BACCC587}.Debug|Any CPU.Build.0 = Debug|Any CPU
		{16FD61D4-AD98-4A02-BE7C-AF21BACCC587}.Release|Any CPU.ActiveCfg = Release|Any CPU
		{16FD61D4-AD98-4A02-BE7C-AF21BACCC587}.Release|Any CPU.Build.0 = Release|Any CPU
	EndGlobalSection
	GlobalSection(SolutionProperties) = preSolution
		HideSolutionNode = FALSE
	EndGlobalSection
	GlobalSection(ExtensibilityGlobals) = postSolution
		SolutionGuid = {A7696F94-CB82-4121-A5BA-BE1AAF658264}
	EndGlobalSection
EndGlobal
